// !$*UTF8*$!
{
	archiveVersion = 1;
	classes = {
	};
	objectVersion = 50;
	objects = {

/* Begin PBXBuildFile section */
		1E1A8437236613E40064C078 /* AppDelegate.swift in Sources */ = {isa = PBXBuildFile; fileRef = 1E1A8436236613E40064C078 /* AppDelegate.swift */; };
		1E1A8439236613E40064C078 /* SceneDelegate.swift in Sources */ = {isa = PBXBuildFile; fileRef = 1E1A8438236613E40064C078 /* SceneDelegate.swift */; };
		1E1A843B236613E40064C078 /* ViewController.swift in Sources */ = {isa = PBXBuildFile; fileRef = 1E1A843A236613E40064C078 /* ViewController.swift */; };
		1E1A843E236613E40064C078 /* Main.storyboard in Resources */ = {isa = PBXBuildFile; fileRef = 1E1A843C236613E40064C078 /* Main.storyboard */; };
		1E1A8440236613E60064C078 /* Assets.xcassets in Resources */ = {isa = PBXBuildFile; fileRef = 1E1A843F236613E60064C078 /* Assets.xcassets */; };
		1E1A8443236613E60064C078 /* LaunchScreen.storyboard in Resources */ = {isa = PBXBuildFile; fileRef = 1E1A8441236613E60064C078 /* LaunchScreen.storyboard */; };
		1E1A844E236613E60064C078 /* NearByTests.swift in Sources */ = {isa = PBXBuildFile; fileRef = 1E1A844D236613E60064C078 /* NearByTests.swift */; };
		1E1A8459236613E60064C078 /* NearByUITests.swift in Sources */ = {isa = PBXBuildFile; fileRef = 1E1A8458236613E60064C078 /* NearByUITests.swift */; };
/* End PBXBuildFile section */

/* Begin PBXContainerItemProxy section */
		1E1A844A236613E60064C078 /* PBXContainerItemProxy */ = {
			isa = PBXContainerItemProxy;
			containerPortal = 1E1A842B236613E30064C078 /* Project object */;
			proxyType = 1;
			remoteGlobalIDString = 1E1A8432236613E40064C078;
			remoteInfo = NearBy;
		};
		1E1A8455236613E60064C078 /* PBXContainerItemProxy */ = {
			isa = PBXContainerItemProxy;
			containerPortal = 1E1A842B236613E30064C078 /* Project object */;
			proxyType = 1;
			remoteGlobalIDString = 1E1A8432236613E40064C078;
			remoteInfo = NearBy;
		};
/* End PBXContainerItemProxy section */

/* Begin PBXFileReference section */
		1E1A8433236613E40064C078 /* NearBy.app */ = {isa = PBXFileReference; explicitFileType = wrapper.application; includeInIndex = 0; path = NearBy.app; sourceTree = BUILT_PRODUCTS_DIR; };
		1E1A8436236613E40064C078 /* AppDelegate.swift */ = {isa = PBXFileReference; lastKnownFileType = sourcecode.swift; path = AppDelegate.swift; sourceTree = "<group>"; };
		1E1A8438236613E40064C078 /* SceneDelegate.swift */ = {isa = PBXFileReference; lastKnownFileType = sourcecode.swift; path = SceneDelegate.swift; sourceTree = "<group>"; };
		1E1A843A236613E40064C078 /* ViewController.swift */ = {isa = PBXFileReference; lastKnownFileType = sourcecode.swift; path = ViewController.swift; sourceTree = "<group>"; };
		1E1A843D236613E40064C078 /* Base */ = {isa = PBXFileReference; lastKnownFileType = file.storyboard; name = Base; path = Base.lproj/Main.storyboard; sourceTree = "<group>"; };
		1E1A843F236613E60064C078 /* Assets.xcassets */ = {isa = PBXFileReference; lastKnownFileType = folder.assetcatalog; path = Assets.xcassets; sourceTree = "<group>"; };
		1E1A8442236613E60064C078 /* Base */ = {isa = PBXFileReference; lastKnownFileType = file.storyboard; name = Base; path = Base.lproj/LaunchScreen.storyboard; sourceTree = "<group>"; };
		1E1A8444236613E60064C078 /* Info.plist */ = {isa = PBXFileReference; lastKnownFileType = text.plist.xml; path = Info.plist; sourceTree = "<group>"; };
		1E1A8449236613E60064C078 /* NearByTests.xctest */ = {isa = PBXFileReference; explicitFileType = wrapper.cfbundle; includeInIndex = 0; path = NearByTests.xctest; sourceTree = BUILT_PRODUCTS_DIR; };
		1E1A844D236613E60064C078 /* NearByTests.swift */ = {isa = PBXFileReference; lastKnownFileType = sourcecode.swift; path = NearByTests.swift; sourceTree = "<group>"; };
		1E1A844F236613E60064C078 /* Info.plist */ = {isa = PBXFileReference; lastKnownFileType = text.plist.xml; path = Info.plist; sourceTree = "<group>"; };
		1E1A8454236613E60064C078 /* NearByUITests.xctest */ = {isa = PBXFileReference; explicitFileType = wrapper.cfbundle; includeInIndex = 0; path = NearByUITests.xctest; sourceTree = BUILT_PRODUCTS_DIR; };
		1E1A8458236613E60064C078 /* NearByUITests.swift */ = {isa = PBXFileReference; lastKnownFileType = sourcecode.swift; path = NearByUITests.swift; sourceTree = "<group>"; };
		1E1A845A236613E60064C078 /* Info.plist */ = {isa = PBXFileReference; lastKnownFileType = text.plist.xml; path = Info.plist; sourceTree = "<group>"; };
/* End PBXFileReference section */

/* Begin PBXFrameworksBuildPhase section */
		1E1A8430236613E40064C078 /* Frameworks */ = {
			isa = PBXFrameworksBuildPhase;
			buildActionMask = 2147483647;
			files = (
			);
			runOnlyForDeploymentPostprocessing = 0;
		};
		1E1A8446236613E60064C078 /* Frameworks */ = {
			isa = PBXFrameworksBuildPhase;
			buildActionMask = 2147483647;
			files = (
			);
			runOnlyForDeploymentPostprocessing = 0;
		};
		1E1A8451236613E60064C078 /* Frameworks */ = {
			isa = PBXFrameworksBuildPhase;
			buildActionMask = 2147483647;
			files = (
			);
			runOnlyForDeploymentPostprocessing = 0;
		};
/* End PBXFrameworksBuildPhase section */

/* Begin PBXGroup section */
		1E1A842A236613E30064C078 = {
			isa = PBXGroup;
			children = (
				1E1A8435236613E40064C078 /* NearBy */,
				1E1A844C236613E60064C078 /* NearByTests */,
				1E1A8457236613E60064C078 /* NearByUITests */,
				1E1A8434236613E40064C078 /* Products */,
			);
			sourceTree = "<group>";
		};
		1E1A8434236613E40064C078 /* Products */ = {
			isa = PBXGroup;
			children = (
				1E1A8433236613E40064C078 /* NearBy.app */,
				1E1A8449236613E60064C078 /* NearByTests.xctest */,
				1E1A8454236613E60064C078 /* NearByUITests.xctest */,
			);
			name = Products;
			sourceTree = "<group>";
		};
		1E1A8435236613E40064C078 /* NearBy */ = {
			isa = PBXGroup;
			children = (
				1E1A8436236613E40064C078 /* AppDelegate.swift */,
				1E1A8438236613E40064C078 /* SceneDelegate.swift */,
				1E1A843A236613E40064C078 /* ViewController.swift */,
				1E1A843C236613E40064C078 /* Main.storyboard */,
				1E1A843F236613E60064C078 /* Assets.xcassets */,
				1E1A8441236613E60064C078 /* LaunchScreen.storyboard */,
				1E1A8444236613E60064C078 /* Info.plist */,
			);
			path = NearBy;
			sourceTree = "<group>";
		};
		1E1A844C236613E60064C078 /* NearByTests */ = {
			isa = PBXGroup;
			children = (
				1E1A844D236613E60064C078 /* NearByTests.swift */,
				1E1A844F236613E60064C078 /* Info.plist */,
			);
			path = NearByTests;
			sourceTree = "<group>";
		};
		1E1A8457236613E60064C078 /* NearByUITests */ = {
			isa = PBXGroup;
			children = (
				1E1A8458236613E60064C078 /* NearByUITests.swift */,
				1E1A845A236613E60064C078 /* Info.plist */,
			);
			path = NearByUITests;
			sourceTree = "<group>";
		};
/* End PBXGroup section */

/* Begin PBXNativeTarget section */
		1E1A8432236613E40064C078 /* NearBy */ = {
			isa = PBXNativeTarget;
			buildConfigurationList = 1E1A845D236613E60064C078 /* Build configuration list for PBXNativeTarget "NearBy" */;
			buildPhases = (
				1E1A842F236613E40064C078 /* Sources */,
				1E1A8430236613E40064C078 /* Frameworks */,
				1E1A8431236613E40064C078 /* Resources */,
			);
			buildRules = (
			);
			dependencies = (
			);
			name = NearBy;
			productName = NearBy;
			productReference = 1E1A8433236613E40064C078 /* NearBy.app */;
			productType = "com.apple.product-type.application";
		};
		1E1A8448236613E60064C078 /* NearByTests */ = {
			isa = PBXNativeTarget;
			buildConfigurationList = 1E1A8460236613E60064C078 /* Build configuration list for PBXNativeTarget "NearByTests" */;
			buildPhases = (
				1E1A8445236613E60064C078 /* Sources */,
				1E1A8446236613E60064C078 /* Frameworks */,
				1E1A8447236613E60064C078 /* Resources */,
			);
			buildRules = (
			);
			dependencies = (
				1E1A844B236613E60064C078 /* PBXTargetDependency */,
			);
			name = NearByTests;
			productName = NearByTests;
			productReference = 1E1A8449236613E60064C078 /* NearByTests.xctest */;
			productType = "com.apple.product-type.bundle.unit-test";
		};
		1E1A8453236613E60064C078 /* NearByUITests */ = {
			isa = PBXNativeTarget;
			buildConfigurationList = 1E1A8463236613E60064C078 /* Build configuration list for PBXNativeTarget "NearByUITests" */;
			buildPhases = (
				1E1A8450236613E60064C078 /* Sources */,
				1E1A8451236613E60064C078 /* Frameworks */,
				1E1A8452236613E60064C078 /* Resources */,
			);
			buildRules = (
			);
			dependencies = (
				1E1A8456236613E60064C078 /* PBXTargetDependency */,
			);
			name = NearByUITests;
			productName = NearByUITests;
			productReference = 1E1A8454236613E60064C078 /* NearByUITests.xctest */;
			productType = "com.apple.product-type.bundle.ui-testing";
		};
/* End PBXNativeTarget section */

/* Begin PBXProject section */
		1E1A842B236613E30064C078 /* Project object */ = {
			isa = PBXProject;
			attributes = {
				LastSwiftUpdateCheck = 1100;
				LastUpgradeCheck = 1100;
				ORGANIZATIONNAME = "Mahmoud Hamad";
				TargetAttributes = {
					1E1A8432236613E40064C078 = {
						CreatedOnToolsVersion = 11.0;
					};
					1E1A8448236613E60064C078 = {
						CreatedOnToolsVersion = 11.0;
						TestTargetID = 1E1A8432236613E40064C078;
					};
					1E1A8453236613E60064C078 = {
						CreatedOnToolsVersion = 11.0;
						TestTargetID = 1E1A8432236613E40064C078;
					};
				};
			};
			buildConfigurationList = 1E1A842E236613E30064C078 /* Build configuration list for PBXProject "NearBy" */;
			compatibilityVersion = "Xcode 9.3";
			developmentRegion = en;
			hasScannedForEncodings = 0;
			knownRegions = (
				en,
				Base,
			);
			mainGroup = 1E1A842A236613E30064C078;
			productRefGroup = 1E1A8434236613E40064C078 /* Products */;
			projectDirPath = "";
			projectRoot = "";
			targets = (
				1E1A8432236613E40064C078 /* NearBy */,
				1E1A8448236613E60064C078 /* NearByTests */,
				1E1A8453236613E60064C078 /* NearByUITests */,
			);
		};
/* End PBXProject section */

/* Begin PBXResourcesBuildPhase section */
		1E1A8431236613E40064C078 /* Resources */ = {
			isa = PBXResourcesBuildPhase;
			buildActionMask = 2147483647;
			files = (
				1E1A8443236613E60064C078 /* LaunchScreen.storyboard in Resources */,
				1E1A8440236613E60064C078 /* Assets.xcassets in Resources */,
				1E1A843E236613E40064C078 /* Main.storyboard in Resources */,
			);
			runOnlyForDeploymentPostprocessing = 0;
		};
		1E1A8447236613E60064C078 /* Resources */ = {
			isa = PBXResourcesBuildPhase;
			buildActionMask = 2147483647;
			files = (
			);
			runOnlyForDeploymentPostprocessing = 0;
		};
		1E1A8452236613E60064C078 /* Resources */ = {
			isa = PBXResourcesBuildPhase;
			buildActionMask = 2147483647;
			files = (
			);
			runOnlyForDeploymentPostprocessing = 0;
		};
/* End PBXResourcesBuildPhase section */

/* Begin PBXSourcesBuildPhase section */
		1E1A842F236613E40064C078 /* Sources */ = {
			isa = PBXSourcesBuildPhase;
			buildActionMask = 2147483647;
			files = (
				1E1A843B236613E40064C078 /* ViewController.swift in Sources */,
				1E1A8437236613E40064C078 /* AppDelegate.swift in Sources */,
				1E1A8439236613E40064C078 /* SceneDelegate.swift in Sources */,
			);
			runOnlyForDeploymentPostprocessing = 0;
		};
		1E1A8445236613E60064C078 /* Sources */ = {
			isa = PBXSourcesBuildPhase;
			buildActionMask = 2147483647;
			files = (
				1E1A844E236613E60064C078 /* NearByTests.swift in Sources */,
			);
			runOnlyForDeploymentPostprocessing = 0;
		};
		1E1A8450236613E60064C078 /* Sources */ = {
			isa = PBXSourcesBuildPhase;
			buildActionMask = 2147483647;
			files = (
				1E1A8459236613E60064C078 /* NearByUITests.swift in Sources */,
			);
			runOnlyForDeploymentPostprocessing = 0;
		};
/* End PBXSourcesBuildPhase section */

/* Begin PBXTargetDependency section */
		1E1A844B236613E60064C078 /* PBXTargetDependency */ = {
			isa = PBXTargetDependency;
			target = 1E1A8432236613E40064C078 /* NearBy */;
			targetProxy = 1E1A844A236613E60064C078 /* PBXContainerItemProxy */;
		};
		1E1A8456236613E60064C078 /* PBXTargetDependency */ = {
			isa = PBXTargetDependency;
			target = 1E1A8432236613E40064C078 /* NearBy */;
			targetProxy = 1E1A8455236613E60064C078 /* PBXContainerItemProxy */;
		};
/* End PBXTargetDependency section */

/* Begin PBXVariantGroup section */
		1E1A843C236613E40064C078 /* Main.storyboard */ = {
			isa = PBXVariantGroup;
			children = (
				1E1A843D236613E40064C078 /* Base */,
			);
			name = Main.storyboard;
			sourceTree = "<group>";
		};
		1E1A8441236613E60064C078 /* LaunchScreen.storyboard */ = {
			isa = PBXVariantGroup;
			children = (
				1E1A8442236613E60064C078 /* Base */,
			);
			name = LaunchScreen.storyboard;
			sourceTree = "<group>";
		};
/* End PBXVariantGroup section */

/* Begin XCBuildConfiguration section */
		1E1A845B236613E60064C078 /* Debug */ = {
			isa = XCBuildConfiguration;
			buildSettings = {
				ALWAYS_SEARCH_USER_PATHS = NO;
				CLANG_ANALYZER_NONNULL = YES;
				CLANG_ANALYZER_NUMBER_OBJECT_CONVERSION = YES_AGGRESSIVE;
				CLANG_CXX_LANGUAGE_STANDARD = "gnu++14";
				CLANG_CXX_LIBRARY = "libc++";
				CLANG_ENABLE_MODULES = YES;
				CLANG_ENABLE_OBJC_ARC = YES;
				CLANG_ENABLE_OBJC_WEAK = YES;
				CLANG_WARN_BLOCK_CAPTURE_AUTORELEASING = YES;
				CLANG_WARN_BOOL_CONVERSION = YES;
				CLANG_WARN_COMMA = YES;
				CLANG_WARN_CONSTANT_CONVERSION = YES;
				CLANG_WARN_DEPRECATED_OBJC_IMPLEMENTATIONS = YES;
				CLANG_WARN_DIRECT_OBJC_ISA_USAGE = YES_ERROR;
				CLANG_WARN_DOCUMENTATION_COMMENTS = YES;
				CLANG_WARN_EMPTY_BODY = YES;
				CLANG_WARN_ENUM_CONVERSION = YES;
				CLANG_WARN_INFINITE_RECURSION = YES;
				CLANG_WARN_INT_CONVERSION = YES;
				CLANG_WARN_NON_LITERAL_NULL_CONVERSION = YES;
				CLANG_WARN_OBJC_IMPLICIT_RETAIN_SELF = YES;
				CLANG_WARN_OBJC_LITERAL_CONVERSION = YES;
				CLANG_WARN_OBJC_ROOT_CLASS = YES_ERROR;
				CLANG_WARN_RANGE_LOOP_ANALYSIS = YES;
				CLANG_WARN_STRICT_PROTOTYPES = YES;
				CLANG_WARN_SUSPICIOUS_MOVE = YES;
				CLANG_WARN_UNGUARDED_AVAILABILITY = YES_AGGRESSIVE;
				CLANG_WARN_UNREACHABLE_CODE = YES;
				CLANG_WARN__DUPLICATE_METHOD_MATCH = YES;
				COPY_PHASE_STRIP = NO;
				DEBUG_INFORMATION_FORMAT = dwarf;
				ENABLE_STRICT_OBJC_MSGSEND = YES;
				ENABLE_TESTABILITY = YES;
				GCC_C_LANGUAGE_STANDARD = gnu11;
				GCC_DYNAMIC_NO_PIC = NO;
				GCC_NO_COMMON_BLOCKS = YES;
				GCC_OPTIMIZATION_LEVEL = 0;
				GCC_PREPROCESSOR_DEFINITIONS = (
					"DEBUG=1",
					"$(inherited)",
				);
				GCC_WARN_64_TO_32_BIT_CONVERSION = YES;
				GCC_WARN_ABOUT_RETURN_TYPE = YES_ERROR;
				GCC_WARN_UNDECLARED_SELECTOR = YES;
				GCC_WARN_UNINITIALIZED_AUTOS = YES_AGGRESSIVE;
				GCC_WARN_UNUSED_FUNCTION = YES;
				GCC_WARN_UNUSED_VARIABLE = YES;
				IPHONEOS_DEPLOYMENT_TARGET = 13.0;
				MTL_ENABLE_DEBUG_INFO = INCLUDE_SOURCE;
				MTL_FAST_MATH = YES;
				ONLY_ACTIVE_ARCH = YES;
				SDKROOT = iphoneos;
				SWIFT_ACTIVE_COMPILATION_CONDITIONS = DEBUG;
				SWIFT_OPTIMIZATION_LEVEL = "-Onone";
			};
			name = Debug;
		};
		1E1A845C236613E60064C078 /* Release */ = {
			isa = XCBuildConfiguration;
			buildSettings = {
				ALWAYS_SEARCH_USER_PATHS = NO;
				CLANG_ANALYZER_NONNULL = YES;
				CLANG_ANALYZER_NUMBER_OBJECT_CONVERSION = YES_AGGRESSIVE;
				CLANG_CXX_LANGUAGE_STANDARD = "gnu++14";
				CLANG_CXX_LIBRARY = "libc++";
				CLANG_ENABLE_MODULES = YES;
				CLANG_ENABLE_OBJC_ARC = YES;
				CLANG_ENABLE_OBJC_WEAK = YES;
				CLANG_WARN_BLOCK_CAPTURE_AUTORELEASING = YES;
				CLANG_WARN_BOOL_CONVERSION = YES;
				CLANG_WARN_COMMA = YES;
				CLANG_WARN_CONSTANT_CONVERSION = YES;
				CLANG_WARN_DEPRECATED_OBJC_IMPLEMENTATIONS = YES;
				CLANG_WARN_DIRECT_OBJC_ISA_USAGE = YES_ERROR;
				CLANG_WARN_DOCUMENTATION_COMMENTS = YES;
				CLANG_WARN_EMPTY_BODY = YES;
				CLANG_WARN_ENUM_CONVERSION = YES;
				CLANG_WARN_INFINITE_RECURSION = YES;
				CLANG_WARN_INT_CONVERSION = YES;
				CLANG_WARN_NON_LITERAL_NULL_CONVERSION = YES;
				CLANG_WARN_OBJC_IMPLICIT_RETAIN_SELF = YES;
				CLANG_WARN_OBJC_LITERAL_CONVERSION = YES;
				CLANG_WARN_OBJC_ROOT_CLASS = YES_ERROR;
				CLANG_WARN_RANGE_LOOP_ANALYSIS = YES;
				CLANG_WARN_STRICT_PROTOTYPES = YES;
				CLANG_WARN_SUSPICIOUS_MOVE = YES;
				CLANG_WARN_UNGUARDED_AVAILABILITY = YES_AGGRESSIVE;
				CLANG_WARN_UNREACHABLE_CODE = YES;
				CLANG_WARN__DUPLICATE_METHOD_MATCH = YES;
				COPY_PHASE_STRIP = NO;
				DEBUG_INFORMATION_FORMAT = "dwarf-with-dsym";
				ENABLE_NS_ASSERTIONS = NO;
				ENABLE_STRICT_OBJC_MSGSEND = YES;
				GCC_C_LANGUAGE_STANDARD = gnu11;
				GCC_NO_COMMON_BLOCKS = YES;
				GCC_WARN_64_TO_32_BIT_CONVERSION = YES;
				GCC_WARN_ABOUT_RETURN_TYPE = YES_ERROR;
				GCC_WARN_UNDECLARED_SELECTOR = YES;
				GCC_WARN_UNINITIALIZED_AUTOS = YES_AGGRESSIVE;
				GCC_WARN_UNUSED_FUNCTION = YES;
				GCC_WARN_UNUSED_VARIABLE = YES;
				IPHONEOS_DEPLOYMENT_TARGET = 13.0;
				MTL_ENABLE_DEBUG_INFO = NO;
				MTL_FAST_MATH = YES;
				SDKROOT = iphoneos;
				SWIFT_COMPILATION_MODE = wholemodule;
				SWIFT_OPTIMIZATION_LEVEL = "-O";
				VALIDATE_PRODUCT = YES;
			};
			name = Release;
		};
		1E1A845E236613E60064C078 /* Debug */ = {
			isa = XCBuildConfiguration;
			buildSettings = {
				ASSETCATALOG_COMPILER_APPICON_NAME = AppIcon;
				CODE_SIGN_STYLE = Automatic;
				DEVELOPMENT_TEAM = LYKU2NPL99;
				INFOPLIST_FILE = NearBy/Info.plist;
				LD_RUNPATH_SEARCH_PATHS = (
					"$(inherited)",
					"@executable_path/Frameworks",
				);
				PRODUCT_BUNDLE_IDENTIFIER = com.mahmoud.NearBy;
				PRODUCT_NAME = "$(TARGET_NAME)";
				SWIFT_VERSION = 5.0;
				TARGETED_DEVICE_FAMILY = "1,2";
			};
			name = Debug;
		};
		1E1A845F236613E60064C078 /* Release */ = {
			isa = XCBuildConfiguration;
			buildSettings = {
				ASSETCATALOG_COMPILER_APPICON_NAME = AppIcon;
				CODE_SIGN_STYLE = Automatic;
				DEVELOPMENT_TEAM = LYKU2NPL99;
				INFOPLIST_FILE = NearBy/Info.plist;
				LD_RUNPATH_SEARCH_PATHS = (
					"$(inherited)",
					"@executable_path/Frameworks",
				);
				PRODUCT_BUNDLE_IDENTIFIER = com.mahmoud.NearBy;
				PRODUCT_NAME = "$(TARGET_NAME)";
				SWIFT_VERSION = 5.0;
				TARGETED_DEVICE_FAMILY = "1,2";
			};
			name = Release;
		};
		1E1A8461236613E60064C078 /* Debug */ = {
			isa = XCBuildConfiguration;
			buildSettings = {
				ALWAYS_EMBED_SWIFT_STANDARD_LIBRARIES = YES;
				BUNDLE_LOADER = "$(TEST_HOST)";
				CODE_SIGN_STYLE = Automatic;
				DEVELOPMENT_TEAM = LYKU2NPL99;
				INFOPLIST_FILE = NearByTests/Info.plist;
				IPHONEOS_DEPLOYMENT_TARGET = 13.0;
				LD_RUNPATH_SEARCH_PATHS = (
					"$(inherited)",
					"@executable_path/Frameworks",
					"@loader_path/Frameworks",
				);
				PRODUCT_BUNDLE_IDENTIFIER = com.mahmoud.NearByTests;
				PRODUCT_NAME = "$(TARGET_NAME)";
				SWIFT_VERSION = 5.0;
				TARGETED_DEVICE_FAMILY = "1,2";
				TEST_HOST = "$(BUILT_PRODUCTS_DIR)/NearBy.app/NearBy";
			};
			name = Debug;
		};
		1E1A8462236613E60064C078 /* Release */ = {
			isa = XCBuildConfiguration;
			buildSettings = {
				ALWAYS_EMBED_SWIFT_STANDARD_LIBRARIES = YES;
				BUNDLE_LOADER = "$(TEST_HOST)";
				CODE_SIGN_STYLE = Automatic;
				DEVELOPMENT_TEAM = LYKU2NPL99;
				INFOPLIST_FILE = NearByTests/Info.plist;
				IPHONEOS_DEPLOYMENT_TARGET = 13.0;
				LD_RUNPATH_SEARCH_PATHS = (
					"$(inherited)",
					"@executable_path/Frameworks",
					"@loader_path/Frameworks",
				);
				PRODUCT_BUNDLE_IDENTIFIER = com.mahmoud.NearByTests;
				PRODUCT_NAME = "$(TARGET_NAME)";
				SWIFT_VERSION = 5.0;
				TARGETED_DEVICE_FAMILY = "1,2";
				TEST_HOST = "$(BUILT_PRODUCTS_DIR)/NearBy.app/NearBy";
			};
			name = Release;
		};
		1E1A8464236613E60064C078 /* Debug */ = {
			isa = XCBuildConfiguration;
			buildSettings = {
				ALWAYS_EMBED_SWIFT_STANDARD_LIBRARIES = YES;
				CODE_SIGN_STYLE = Automatic;
				DEVELOPMENT_TEAM = LYKU2NPL99;
				INFOPLIST_FILE = NearByUITests/Info.plist;
				LD_RUNPATH_SEARCH_PATHS = (
					"$(inherited)",
					"@executable_path/Frameworks",
					"@loader_path/Frameworks",
				);
				PRODUCT_BUNDLE_IDENTIFIER = com.mahmoud.NearByUITests;
				PRODUCT_NAME = "$(TARGET_NAME)";
				SWIFT_VERSION = 5.0;
				TARGETED_DEVICE_FAMILY = "1,2";
				TEST_TARGET_NAME = NearBy;
			};
			name = Debug;
		};
		1E1A8465236613E60064C078 /* Release */ = {
			isa = XCBuildConfiguration;
			buildSettings = {
				ALWAYS_EMBED_SWIFT_STANDARD_LIBRARIES = YES;
				CODE_SIGN_STYLE = Automatic;
				DEVELOPMENT_TEAM = LYKU2NPL99;
				INFOPLIST_FILE = NearByUITests/Info.plist;
				LD_RUNPATH_SEARCH_PATHS = (
					"$(inherited)",
					"@executable_path/Frameworks",
					"@loader_path/Frameworks",
				);
				PRODUCT_BUNDLE_IDENTIFIER = com.mahmoud.NearByUITests;
				PRODUCT_NAME = "$(TARGET_NAME)";
				SWIFT_VERSION = 5.0;
				TARGETED_DEVICE_FAMILY = "1,2";
				TEST_TARGET_NAME = NearBy;
			};
			name = Release;
		};
/* End XCBuildConfiguration section */

/* Begin XCConfigurationList section */
		1E1A842E236613E30064C078 /* Build configuration list for PBXProject "NearBy" */ = {
			isa = XCConfigurationList;
			buildConfigurations = (
				1E1A845B236613E60064C078 /* Debug */,
				1E1A845C236613E60064C078 /* Release */,
			);
			defaultConfigurationIsVisible = 0;
			defaultConfigurationName = Release;
		};
		1E1A845D236613E60064C078 /* Build configuration list for PBXNativeTarget "NearBy" */ = {
			isa = XCConfigurationList;
			buildConfigurations = (
				1E1A845E236613E60064C078 /* Debug */,
				1E1A845F236613E60064C078 /* Release */,
			);
			defaultConfigurationIsVisible = 0;
			defaultConfigurationName = Release;
		};
		1E1A8460236613E60064C078 /* Build configuration list for PBXNativeTarget "NearByTests" */ = {
			isa = XCConfigurationList;
			buildConfigurations = (
				1E1A8461236613E60064C078 /* Debug */,
				1E1A8462236613E60064C078 /* Release */,
			);
			defaultConfigurationIsVisible = 0;
			defaultConfigurationName = Release;
		};
		1E1A8463236613E60064C078 /* Build configuration list for PBXNativeTarget "NearByUITests" */ = {
			isa = XCConfigurationList;
			buildConfigurations = (
				1E1A8464236613E60064C078 /* Debug */,
				1E1A8465236613E60064C078 /* Release */,
			);
			defaultConfigurationIsVisible = 0;
			defaultConfigurationName = Release;
		};
/* End XCConfigurationList section */
	};
	rootObject = 1E1A842B236613E30064C078 /* Project object */;
}
